
Microsoft Visual Studio Solution File, Format Version 12.00
# Visual Studio Version 16
VisualStudioVersion = 16.0.30413.136
MinimumVisualStudioVersion = 10.0.40219.1
Project("{8BC9CEB8-8B4A-11D0-8D11-00A0C91BC942}") = "Project2.1", "Project2.1.vcxproj", "{DB0749CC-00DB-4C63-A9A1-9CBD01956917}"
EndProject
Global
	GlobalSection(SolutionConfigurationPlatforms) = preSolution
		Debug|x64 = Debug|x64
		Debug|x86 = Debug|x86
		Release|x64 = Release|x64
		Release|x86 = Release|x86
	EndGlobalSection
	GlobalSection(ProjectConfigurationPlatforms) = postSolution
		{DB0749CC-00DB-4C63-A9A1-9CBD01956917}.Debug|x64.ActiveCfg = Debug|x64
		{DB0749CC-00DB-4C63-A9A1-9CBD01956917}.Debug|x64.Build.0 = Debug|x64
		{DB0749CC-00DB-4C63-A9A1-9CBD01956917}.Debug|x86.ActiveCfg = Debug|Win32
		{DB0749CC-00DB-4C63-A9A1-9CBD01956917}.Debug|x86.Build.0 = Debug|Win32
		{DB0749CC-00DB-4C63-A9A1-9CBD01956917}.Release|x64.ActiveCfg = Release|x64
		{DB0749CC-00DB-4C63-A9A1-9CBD01956917}.Release|x64.Build.0 = Release|x64
		{DB0749CC-00DB-4C63-A9A1-9CBD01956917}.Release|x86.ActiveCfg = Release|Win32
		{DB0749CC-00DB-4C63-A9A1-9CBD01956917}.Release|x86.Build.0 = Release|Win32
	EndGlobalSection
	GlobalSection(SolutionProperties) = preSolution
		HideSolutionNode = FALSE
	EndGlobalSection
	GlobalSection(ExtensibilityGlobals) = postSolution
		SolutionGuid = {1598D8B8-DA7B-4337-B20B-238FB077F31F}
	EndGlobalSection
EndGlobal
